
Microsoft Visual Studio Solution File, Format Version 12.00
# Visual Studio 15
VisualStudioVersion = 15.0.28307.168
MinimumVisualStudioVersion = 10.0.40219.1
Project("{FAE04EC0-301F-11D3-BF4B-00C04F79EFBC}") = "NICE.Identity.Management", "NICE.Identity.Management\NICE.Identity.Management.csproj", "{E2397171-4065-4FAE-B2C1-04E1126D8544}"
EndProject
Global
	GlobalSection(SolutionConfigurationPlatforms) = preSolution
		Debug|Any CPU = Debug|Any CPU
		Release|Any CPU = Release|Any CPU
	EndGlobalSection
	GlobalSection(ProjectConfigurationPlatforms) = postSolution
		{E2397171-4065-4FAE-B2C1-04E1126D8544}.Debug|Any CPU.ActiveCfg = Debug|Any CPU
		{E2397171-4065-4FAE-B2C1-04E1126D8544}.Debug|Any CPU.Build.0 = Debug|Any CPU
		{E2397171-4065-4FAE-B2C1-04E1126D8544}.Release|Any CPU.ActiveCfg = Release|Any CPU
		{E2397171-4065-4FAE-B2C1-04E1126D8544}.Release|Any CPU.Build.0 = Release|Any CPU
	EndGlobalSection
	GlobalSection(SolutionProperties) = preSolution
		HideSolutionNode = FALSE
	EndGlobalSection
	GlobalSection(ExtensibilityGlobals) = postSolution
		SolutionGuid = {B3238E29-1E6D-41B5-A3B5-E5FE74C0BD1F}
	EndGlobalSection
EndGlobal
