
Microsoft Visual Studio Solution File, Format Version 12.00
# Visual Studio 15
VisualStudioVersion = 15.0.28307.168
MinimumVisualStudioVersion = 10.0.40219.1
Project("{FAE04EC0-301F-11D3-BF4B-00C04F79EFBC}") = "NICE.Identity.Management.Test", "NICE.Identity.Management.Test\NICE.Identity.Management.Test.csproj", "{58E239EF-7183-4F5C-BFC8-50176D020E53}"
EndProject
Project("{9A19103F-16F7-4668-BE54-9A1E7A4F7556}") = "NICE.Identity.Management", "NICE.Identity.Management\NICE.Identity.Management.csproj", "{3AD3A6F2-2889-4DEF-8B53-3F14869DABAC}"
EndProject
Global
	GlobalSection(SolutionConfigurationPlatforms) = preSolution
		Debug|Any CPU = Debug|Any CPU
		Release|Any CPU = Release|Any CPU
	EndGlobalSection
	GlobalSection(ProjectConfigurationPlatforms) = postSolution
		{58E239EF-7183-4F5C-BFC8-50176D020E53}.Debug|Any CPU.ActiveCfg = Debug|Any CPU
		{58E239EF-7183-4F5C-BFC8-50176D020E53}.Debug|Any CPU.Build.0 = Debug|Any CPU
		{58E239EF-7183-4F5C-BFC8-50176D020E53}.Release|Any CPU.ActiveCfg = Release|Any CPU
		{58E239EF-7183-4F5C-BFC8-50176D020E53}.Release|Any CPU.Build.0 = Release|Any CPU
		{3AD3A6F2-2889-4DEF-8B53-3F14869DABAC}.Debug|Any CPU.ActiveCfg = Debug|Any CPU
		{3AD3A6F2-2889-4DEF-8B53-3F14869DABAC}.Debug|Any CPU.Build.0 = Debug|Any CPU
		{3AD3A6F2-2889-4DEF-8B53-3F14869DABAC}.Release|Any CPU.ActiveCfg = Release|Any CPU
		{3AD3A6F2-2889-4DEF-8B53-3F14869DABAC}.Release|Any CPU.Build.0 = Release|Any CPU
	EndGlobalSection
	GlobalSection(SolutionProperties) = preSolution
		HideSolutionNode = FALSE
	EndGlobalSection
	GlobalSection(ExtensibilityGlobals) = postSolution
		SolutionGuid = {87CC3BC5-7D61-4AB9-BD56-4568A55F2083}
	EndGlobalSection
EndGlobal
